
Microsoft Visual Studio Solution File, Format Version 12.00
# Visual Studio 15
VisualStudioVersion = 15.0.26124.0
MinimumVisualStudioVersion = 15.0.26124.0
Project("{FAE04EC0-301F-11D3-BF4B-00C04F79EFBC}") = "Janken.Console", "Janken.Console\Janken.Console.csproj", "{1D8A968F-B42E-417A-95A7-F1290B784CDB}"
EndProject
Project("{FAE04EC0-301F-11D3-BF4B-00C04F79EFBC}") = "Janken.Core", "Janken.Core\Janken.Core.csproj", "{BA558087-0388-4EBD-9EBC-DDF8C7B7A0DB}"
EndProject
Project("{FAE04EC0-301F-11D3-BF4B-00C04F79EFBC}") = "Janken.Generators", "Janken.Generators\Janken.Generators.csproj", "{4A77CE84-E309-44E7-9001-0F148995DBF0}"
EndProject
Project("{FAE04EC0-301F-11D3-BF4B-00C04F79EFBC}") = "Janken.Shared", "Janken.Shared\Janken.Shared.csproj", "{F708CCA5-2D4E-43C8-8BDD-1F483AECFE74}"
EndProject
Global
	GlobalSection(SolutionConfigurationPlatforms) = preSolution
		Debug|Any CPU = Debug|Any CPU
		Debug|x64 = Debug|x64
		Debug|x86 = Debug|x86
		Release|Any CPU = Release|Any CPU
		Release|x64 = Release|x64
		Release|x86 = Release|x86
	EndGlobalSection
	GlobalSection(SolutionProperties) = preSolution
		HideSolutionNode = FALSE
	EndGlobalSection
	GlobalSection(ProjectConfigurationPlatforms) = postSolution
		{1D8A968F-B42E-417A-95A7-F1290B784CDB}.Debug|Any CPU.ActiveCfg = Debug|Any CPU
		{1D8A968F-B42E-417A-95A7-F1290B784CDB}.Debug|Any CPU.Build.0 = Debug|Any CPU
		{1D8A968F-B42E-417A-95A7-F1290B784CDB}.Debug|x64.ActiveCfg = Debug|Any CPU
		{1D8A968F-B42E-417A-95A7-F1290B784CDB}.Debug|x64.Build.0 = Debug|Any CPU
		{1D8A968F-B42E-417A-95A7-F1290B784CDB}.Debug|x86.ActiveCfg = Debug|Any CPU
		{1D8A968F-B42E-417A-95A7-F1290B784CDB}.Debug|x86.Build.0 = Debug|Any CPU
		{1D8A968F-B42E-417A-95A7-F1290B784CDB}.Release|Any CPU.ActiveCfg = Release|Any CPU
		{1D8A968F-B42E-417A-95A7-F1290B784CDB}.Release|Any CPU.Build.0 = Release|Any CPU
		{1D8A968F-B42E-417A-95A7-F1290B784CDB}.Release|x64.ActiveCfg = Release|Any CPU
		{1D8A968F-B42E-417A-95A7-F1290B784CDB}.Release|x64.Build.0 = Release|Any CPU
		{1D8A968F-B42E-417A-95A7-F1290B784CDB}.Release|x86.ActiveCfg = Release|Any CPU
		{1D8A968F-B42E-417A-95A7-F1290B784CDB}.Release|x86.Build.0 = Release|Any CPU
		{BA558087-0388-4EBD-9EBC-DDF8C7B7A0DB}.Debug|Any CPU.ActiveCfg = Debug|Any CPU
		{BA558087-0388-4EBD-9EBC-DDF8C7B7A0DB}.Debug|Any CPU.Build.0 = Debug|Any CPU
		{BA558087-0388-4EBD-9EBC-DDF8C7B7A0DB}.Debug|x64.ActiveCfg = Debug|Any CPU
		{BA558087-0388-4EBD-9EBC-DDF8C7B7A0DB}.Debug|x64.Build.0 = Debug|Any CPU
		{BA558087-0388-4EBD-9EBC-DDF8C7B7A0DB}.Debug|x86.ActiveCfg = Debug|Any CPU
		{BA558087-0388-4EBD-9EBC-DDF8C7B7A0DB}.Debug|x86.Build.0 = Debug|Any CPU
		{BA558087-0388-4EBD-9EBC-DDF8C7B7A0DB}.Release|Any CPU.ActiveCfg = Release|Any CPU
		{BA558087-0388-4EBD-9EBC-DDF8C7B7A0DB}.Release|Any CPU.Build.0 = Release|Any CPU
		{BA558087-0388-4EBD-9EBC-DDF8C7B7A0DB}.Release|x64.ActiveCfg = Release|Any CPU
		{BA558087-0388-4EBD-9EBC-DDF8C7B7A0DB}.Release|x64.Build.0 = Release|Any CPU
		{BA558087-0388-4EBD-9EBC-DDF8C7B7A0DB}.Release|x86.ActiveCfg = Release|Any CPU
		{BA558087-0388-4EBD-9EBC-DDF8C7B7A0DB}.Release|x86.Build.0 = Release|Any CPU
		{4A77CE84-E309-44E7-9001-0F148995DBF0}.Debug|Any CPU.ActiveCfg = Debug|Any CPU
		{4A77CE84-E309-44E7-9001-0F148995DBF0}.Debug|Any CPU.Build.0 = Debug|Any CPU
		{4A77CE84-E309-44E7-9001-0F148995DBF0}.Debug|x64.ActiveCfg = Debug|Any CPU
		{4A77CE84-E309-44E7-9001-0F148995DBF0}.Debug|x64.Build.0 = Debug|Any CPU
		{4A77CE84-E309-44E7-9001-0F148995DBF0}.Debug|x86.ActiveCfg = Debug|Any CPU
		{4A77CE84-E309-44E7-9001-0F148995DBF0}.Debug|x86.Build.0 = Debug|Any CPU
		{4A77CE84-E309-44E7-9001-0F148995DBF0}.Release|Any CPU.ActiveCfg = Release|Any CPU
		{4A77CE84-E309-44E7-9001-0F148995DBF0}.Release|Any CPU.Build.0 = Release|Any CPU
		{4A77CE84-E309-44E7-9001-0F148995DBF0}.Release|x64.ActiveCfg = Release|Any CPU
		{4A77CE84-E309-44E7-9001-0F148995DBF0}.Release|x64.Build.0 = Release|Any CPU
		{4A77CE84-E309-44E7-9001-0F148995DBF0}.Release|x86.ActiveCfg = Release|Any CPU
		{4A77CE84-E309-44E7-9001-0F148995DBF0}.Release|x86.Build.0 = Release|Any CPU
		{F708CCA5-2D4E-43C8-8BDD-1F483AECFE74}.Debug|Any CPU.ActiveCfg = Debug|Any CPU
		{F708CCA5-2D4E-43C8-8BDD-1F483AECFE74}.Debug|Any CPU.Build.0 = Debug|Any CPU
		{F708CCA5-2D4E-43C8-8BDD-1F483AECFE74}.Debug|x64.ActiveCfg = Debug|Any CPU
		{F708CCA5-2D4E-43C8-8BDD-1F483AECFE74}.Debug|x64.Build.0 = Debug|Any CPU
		{F708CCA5-2D4E-43C8-8BDD-1F483AECFE74}.Debug|x86.ActiveCfg = Debug|Any CPU
		{F708CCA5-2D4E-43C8-8BDD-1F483AECFE74}.Debug|x86.Build.0 = Debug|Any CPU
		{F708CCA5-2D4E-43C8-8BDD-1F483AECFE74}.Release|Any CPU.ActiveCfg = Release|Any CPU
		{F708CCA5-2D4E-43C8-8BDD-1F483AECFE74}.Release|Any CPU.Build.0 = Release|Any CPU
		{F708CCA5-2D4E-43C8-8BDD-1F483AECFE74}.Release|x64.ActiveCfg = Release|Any CPU
		{F708CCA5-2D4E-43C8-8BDD-1F483AECFE74}.Release|x64.Build.0 = Release|Any CPU
		{F708CCA5-2D4E-43C8-8BDD-1F483AECFE74}.Release|x86.ActiveCfg = Release|Any CPU
		{F708CCA5-2D4E-43C8-8BDD-1F483AECFE74}.Release|x86.Build.0 = Release|Any CPU
	EndGlobalSection
EndGlobal
